
Microsoft Visual Studio Solution File, Format Version 12.00
Project("{FAE04EC0-301F-11D3-BF4B-00C04F79EFBC}") = "TextFiles", "TextFiles\TextFiles.csproj", "{A9521D0B-FB09-4564-B662-6CF3AE359BD7}"
EndProject
Global
	GlobalSection(SolutionConfigurationPlatforms) = preSolution
		Debug|Any CPU = Debug|Any CPU
		Release|Any CPU = Release|Any CPU
	EndGlobalSection
	GlobalSection(ProjectConfigurationPlatforms) = postSolution
		{A9521D0B-FB09-4564-B662-6CF3AE359BD7}.Debug|Any CPU.ActiveCfg = Debug|Any CPU
		{A9521D0B-FB09-4564-B662-6CF3AE359BD7}.Debug|Any CPU.Build.0 = Debug|Any CPU
		{A9521D0B-FB09-4564-B662-6CF3AE359BD7}.Release|Any CPU.ActiveCfg = Release|Any CPU
		{A9521D0B-FB09-4564-B662-6CF3AE359BD7}.Release|Any CPU.Build.0 = Release|Any CPU
	EndGlobalSection
EndGlobal
